<Solution>
  <Folder Name="/services/" />
  <Folder Name="/services/outbox_worker/" />
  <Folder Name="/services/outbox_worker/tests/" />
  <Folder Name="/services/outbox_worker/tests/performance/">
    <Project Path="services/outbox_worker/tests/performance/Outbox.PerformanceTests.csproj" />
  </Folder>
  <Folder Name="/services/webstore/" />
  <Folder Name="/services/webstore/tests/" />
  <Folder Name="/services/webstore/tests/performance/">
    <Project Path="services/webstore/tests/performance/Webstore.PerformanceTests.csproj" />
  </Folder>
  <Project Path="NovaCommerce.csproj" />
</Solution>
