Microsoft Visual Studio Solution File, Format Version 12.00
# Visual Studio Version 17
VisualStudioVersion = 17.0.31903.59
MinimumVisualStudioVersion = 10.0.40219.1
Project("{FAE04EC0-301F-11D3-BF4B-00C04F79EFBC}") = "Sales", "sales\src\Sales.csproj", "{A1B2C3D4-0001-0000-0000-000000000001}"
Project("{FAE04EC0-301F-11D3-BF4B-00C04F79EFBC}") = "Sales.UnitTests", "sales\tests\unit\Sales.UnitTests.csproj", "{A1B2C3D4-0002-0000-0000-000000000002}"
Project("{FAE04EC0-301F-11D3-BF4B-00C04F79EFBC}") = "Sales.IntegrationTests", "sales\tests\integration\Sales.IntegrationTests.csproj", "{A1B2C3D4-0003-0000-0000-000000000003}"
Project("{FAE04EC0-301F-11D3-BF4B-00C04F79EFBC}") = "Sales.PerformanceTests", "sales\tests\performance\Sales.PerformanceTests.csproj", "{A1B2C3D4-0004-0000-0000-000000000004}"
Project("{FAE04EC0-301F-11D3-BF4B-00C04F79EFBC}") = "Sales.ContractTests", "sales\tests\contract\Sales.ContractTests.csproj", "{A1B2C3D4-0005-0000-0000-000000000005}"
Project("{FAE04EC0-301F-11D3-BF4B-00C04F79EFBC}") = "Inventory", "inventory\src\Inventory.csproj", "{A1B2C3D4-0006-0000-0000-000000000006}"
Project("{FAE04EC0-301F-11D3-BF4B-00C04F79EFBC}") = "Inventory.UnitTests", "inventory\tests\unit\Inventory.UnitTests.csproj", "{A1B2C3D4-0007-0000-0000-000000000007}"
Project("{FAE04EC0-301F-11D3-BF4B-00C04F79EFBC}") = "Inventory.PerformanceTests", "inventory\tests\performance\Inventory.PerformanceTests.csproj", "{A1B2C3D4-0008-0000-0000-000000000008}"
Project("{FAE04EC0-301F-11D3-BF4B-00C04F79EFBC}") = "Payments", "payments\src\Payments.csproj", "{A1B2C3D4-0009-0000-0000-000000000009}"
Project("{FAE04EC0-301F-11D3-BF4B-00C04F79EFBC}") = "Payments.UnitTests", "payments\tests\unit\Payments.UnitTests.csproj", "{A1B2C3D4-0010-0000-0000-000000000010}"
Project("{FAE04EC0-301F-11D3-BF4B-00C04F79EFBC}") = "Payments.IntegrationTests", "payments\tests\integration\Payments.IntegrationTests.csproj", "{A1B2C3D4-0011-0000-0000-000000000011}"
Project("{FAE04EC0-301F-11D3-BF4B-00C04F79EFBC}") = "Outbox.PerformanceTests", "outbox\tests\performance\Outbox.PerformanceTests.csproj", "{A1B2C3D4-0012-0000-0000-000000000012}"
Project("{FAE04EC0-301F-11D3-BF4B-00C04F79EFBC}") = "UsersAuth", "users-auth\src\UsersAuth.csproj", "{A1B2C3D4-0013-0000-0000-000000000013}"
Project("{FAE04EC0-301F-11D3-BF4B-00C04F79EFBC}") = "UsersAuth.UnitTests", "users-auth\tests\unit\UsersAuth.UnitTests.csproj", "{A1B2C3D4-0014-0000-0000-000000000014}"
Project("{FAE04EC0-301F-11D3-BF4B-00C04F79EFBC}") = "UsersAuth.IntegrationTests", "users-auth\tests\integration\UsersAuth.IntegrationTests.csproj", "{A1B2C3D4-0015-0000-0000-000000000015}"
Project("{FAE04EC0-301F-11D3-BF4B-00C04F79EFBC}") = "E2E.Tests", "tests\e2e\E2E.Tests.csproj", "{A1B2C3D4-0016-0000-0000-000000000016}"
Global
	GlobalSection(SolutionConfigurationPlatforms) = preSolution
		Debug|Any CPU = Debug|Any CPU
		Release|Any CPU = Release|Any CPU
	EndGlobalSection
	GlobalSection(ProjectConfigurationPlatforms) = postSolution
		{A1B2C3D4-0001-0000-0000-000000000001}.Debug|Any CPU.ActiveCfg = Debug|Any CPU
		{A1B2C3D4-0001-0000-0000-000000000001}.Debug|Any CPU.Build.0 = Debug|Any CPU
		{A1B2C3D4-0001-0000-0000-000000000001}.Release|Any CPU.ActiveCfg = Release|Any CPU
		{A1B2C3D4-0001-0000-0000-000000000001}.Release|Any CPU.Build.0 = Release|Any CPU
		{A1B2C3D4-0002-0000-0000-000000000002}.Debug|Any CPU.ActiveCfg = Debug|Any CPU
		{A1B2C3D4-0002-0000-0000-000000000002}.Debug|Any CPU.Build.0 = Debug|Any CPU
		{A1B2C3D4-0002-0000-0000-000000000002}.Release|Any CPU.ActiveCfg = Release|Any CPU
		{A1B2C3D4-0002-0000-0000-000000000002}.Release|Any CPU.Build.0 = Release|Any CPU
		{A1B2C3D4-0003-0000-0000-000000000003}.Debug|Any CPU.ActiveCfg = Debug|Any CPU
		{A1B2C3D4-0003-0000-0000-000000000003}.Debug|Any CPU.Build.0 = Debug|Any CPU
		{A1B2C3D4-0003-0000-0000-000000000003}.Release|Any CPU.ActiveCfg = Release|Any CPU
		{A1B2C3D4-0003-0000-0000-000000000003}.Release|Any CPU.Build.0 = Release|Any CPU
		{A1B2C3D4-0004-0000-0000-000000000004}.Debug|Any CPU.ActiveCfg = Debug|Any CPU
		{A1B2C3D4-0004-0000-0000-000000000004}.Debug|Any CPU.Build.0 = Debug|Any CPU
		{A1B2C3D4-0004-0000-0000-000000000004}.Release|Any CPU.ActiveCfg = Release|Any CPU
		{A1B2C3D4-0004-0000-0000-000000000004}.Release|Any CPU.Build.0 = Release|Any CPU
		{A1B2C3D4-0005-0000-0000-000000000005}.Debug|Any CPU.ActiveCfg = Debug|Any CPU
		{A1B2C3D4-0005-0000-0000-000000000005}.Debug|Any CPU.Build.0 = Debug|Any CPU
		{A1B2C3D4-0005-0000-0000-000000000005}.Release|Any CPU.ActiveCfg = Release|Any CPU
		{A1B2C3D4-0005-0000-0000-000000000005}.Release|Any CPU.Build.0 = Release|Any CPU
		{A1B2C3D4-0006-0000-0000-000000000006}.Debug|Any CPU.ActiveCfg = Debug|Any CPU
		{A1B2C3D4-0006-0000-0000-000000000006}.Debug|Any CPU.Build.0 = Debug|Any CPU
		{A1B2C3D4-0006-0000-0000-000000000006}.Release|Any CPU.ActiveCfg = Release|Any CPU
		{A1B2C3D4-0006-0000-0000-000000000006}.Release|Any CPU.Build.0 = Release|Any CPU
		{A1B2C3D4-0007-0000-0000-000000000007}.Debug|Any CPU.ActiveCfg = Debug|Any CPU
		{A1B2C3D4-0007-0000-0000-000000000007}.Debug|Any CPU.Build.0 = Debug|Any CPU
		{A1B2C3D4-0007-0000-0000-000000000007}.Release|Any CPU.ActiveCfg = Release|Any CPU
		{A1B2C3D4-0007-0000-0000-000000000007}.Release|Any CPU.Build.0 = Release|Any CPU
		{A1B2C3D4-0008-0000-0000-000000000008}.Debug|Any CPU.ActiveCfg = Debug|Any CPU
		{A1B2C3D4-0008-0000-0000-000000000008}.Debug|Any CPU.Build.0 = Debug|Any CPU
		{A1B2C3D4-0008-0000-0000-000000000008}.Release|Any CPU.ActiveCfg = Release|Any CPU
		{A1B2C3D4-0008-0000-0000-000000000008}.Release|Any CPU.Build.0 = Release|Any CPU
		{A1B2C3D4-0009-0000-0000-000000000009}.Debug|Any CPU.ActiveCfg = Debug|Any CPU
		{A1B2C3D4-0009-0000-0000-000000000009}.Debug|Any CPU.Build.0 = Debug|Any CPU
		{A1B2C3D4-0009-0000-0000-000000000009}.Release|Any CPU.ActiveCfg = Release|Any CPU
		{A1B2C3D4-0009-0000-0000-000000000009}.Release|Any CPU.Build.0 = Release|Any CPU
		{A1B2C3D4-0010-0000-0000-000000000010}.Debug|Any CPU.ActiveCfg = Debug|Any CPU
		{A1B2C3D4-0010-0000-0000-000000000010}.Debug|Any CPU.Build.0 = Debug|Any CPU
		{A1B2C3D4-0010-0000-0000-000000000010}.Release|Any CPU.ActiveCfg = Release|Any CPU
		{A1B2C3D4-0010-0000-0000-000000000010}.Release|Any CPU.Build.0 = Release|Any CPU
		{A1B2C3D4-0011-0000-0000-000000000011}.Debug|Any CPU.ActiveCfg = Debug|Any CPU
		{A1B2C3D4-0011-0000-0000-000000000011}.Debug|Any CPU.Build.0 = Debug|Any CPU
		{A1B2C3D4-0011-0000-0000-000000000011}.Release|Any CPU.ActiveCfg = Release|Any CPU
		{A1B2C3D4-0011-0000-0000-000000000011}.Release|Any CPU.Build.0 = Release|Any CPU
		{A1B2C3D4-0012-0000-0000-000000000012}.Debug|Any CPU.ActiveCfg = Debug|Any CPU
		{A1B2C3D4-0012-0000-0000-000000000012}.Debug|Any CPU.Build.0 = Debug|Any CPU
		{A1B2C3D4-0012-0000-0000-000000000012}.Release|Any CPU.ActiveCfg = Release|Any CPU
		{A1B2C3D4-0012-0000-0000-000000000012}.Release|Any CPU.Build.0 = Release|Any CPU
		{A1B2C3D4-0013-0000-0000-000000000013}.Debug|Any CPU.ActiveCfg = Debug|Any CPU
		{A1B2C3D4-0013-0000-0000-000000000013}.Debug|Any CPU.Build.0 = Debug|Any CPU
		{A1B2C3D4-0013-0000-0000-000000000013}.Release|Any CPU.ActiveCfg = Release|Any CPU
		{A1B2C3D4-0013-0000-0000-000000000013}.Release|Any CPU.Build.0 = Release|Any CPU
		{A1B2C3D4-0014-0000-0000-000000000014}.Debug|Any CPU.ActiveCfg = Debug|Any CPU
		{A1B2C3D4-0014-0000-0000-000000000014}.Debug|Any CPU.Build.0 = Debug|Any CPU
		{A1B2C3D4-0014-0000-0000-000000000014}.Release|Any CPU.ActiveCfg = Release|Any CPU
		{A1B2C3D4-0014-0000-0000-000000000014}.Release|Any CPU.Build.0 = Release|Any CPU
		{A1B2C3D4-0015-0000-0000-000000000015}.Debug|Any CPU.ActiveCfg = Debug|Any CPU
		{A1B2C3D4-0015-0000-0000-000000000015}.Debug|Any CPU.Build.0 = Debug|Any CPU
		{A1B2C3D4-0015-0000-0000-000000000015}.Release|Any CPU.ActiveCfg = Release|Any CPU
		{A1B2C3D4-0015-0000-0000-000000000015}.Release|Any CPU.Build.0 = Release|Any CPU
		{A1B2C3D4-0016-0000-0000-000000000016}.Debug|Any CPU.ActiveCfg = Debug|Any CPU
		{A1B2C3D4-0016-0000-0000-000000000016}.Debug|Any CPU.Build.0 = Debug|Any CPU
		{A1B2C3D4-0016-0000-0000-000000000016}.Release|Any CPU.ActiveCfg = Release|Any CPU
		{A1B2C3D4-0016-0000-0000-000000000016}.Release|Any CPU.Build.0 = Release|Any CPU
	EndGlobalSection
EndGlobal

